
Microsoft Visual Studio Solution File, Format Version 11.00
# Visual Studio 2010
Project("{FAE04EC0-301F-11D3-BF4B-00C04F79EFBC}") = "Assembly-CSharp", "Assembly-CSharp.csproj", "{5fdb849c-ebcf-da99-985f-a5f8aef3f6dd}"
EndProject
Project("{FAE04EC0-301F-11D3-BF4B-00C04F79EFBC}") = "Assembly-CSharp-firstpass", "Assembly-CSharp-firstpass.csproj", "{5df7d4ce-def7-864e-1ff6-6e7375acd72e}"
EndProject
Project("{FAE04EC0-301F-11D3-BF4B-00C04F79EFBC}") = "NavMeshComponents", "NavMeshComponents.csproj", "{08c7e2ff-080b-9eec-4282-38521c8a2f5a}"
EndProject
Project("{FAE04EC0-301F-11D3-BF4B-00C04F79EFBC}") = "RuntimeTests", "RuntimeTests.csproj", "{ed9037b7-39bf-469b-1364-43db6fc03d1a}"
EndProject
Project("{FAE04EC0-301F-11D3-BF4B-00C04F79EFBC}") = "Assembly-CSharp-Editor-firstpass", "Assembly-CSharp-Editor-firstpass.csproj", "{4591ed61-9922-d6f6-778a-b12909199a04}"
EndProject
Project("{FAE04EC0-301F-11D3-BF4B-00C04F79EFBC}") = "NavMeshComponentsEditor", "NavMeshComponentsEditor.csproj", "{d0ef71e3-af0a-e5f9-87f8-8a4512062f3c}"
EndProject
Project("{FAE04EC0-301F-11D3-BF4B-00C04F79EFBC}") = "Assembly-CSharp-Editor", "Assembly-CSharp-Editor.csproj", "{b6c996b6-2854-297f-8dbb-b95702f8826a}"
EndProject
Global
	GlobalSection(SolutionConfigurationPlatforms) = preSolution
		Debug|Any CPU = Debug|Any CPU
		Release|Any CPU = Release|Any CPU
	EndGlobalSection
	GlobalSection(ProjectConfigurationPlatforms) = postSolution
		{5fdb849c-ebcf-da99-985f-a5f8aef3f6dd}.Debug|Any CPU.ActiveCfg = Debug|Any CPU
		{5fdb849c-ebcf-da99-985f-a5f8aef3f6dd}.Debug|Any CPU.Build.0 = Debug|Any CPU
		{5fdb849c-ebcf-da99-985f-a5f8aef3f6dd}.Release|Any CPU.ActiveCfg = Release|Any CPU
		{5fdb849c-ebcf-da99-985f-a5f8aef3f6dd}.Release|Any CPU.Build.0 = Release|Any CPU
		{5df7d4ce-def7-864e-1ff6-6e7375acd72e}.Debug|Any CPU.ActiveCfg = Debug|Any CPU
		{5df7d4ce-def7-864e-1ff6-6e7375acd72e}.Debug|Any CPU.Build.0 = Debug|Any CPU
		{5df7d4ce-def7-864e-1ff6-6e7375acd72e}.Release|Any CPU.ActiveCfg = Release|Any CPU
		{5df7d4ce-def7-864e-1ff6-6e7375acd72e}.Release|Any CPU.Build.0 = Release|Any CPU
		{08c7e2ff-080b-9eec-4282-38521c8a2f5a}.Debug|Any CPU.ActiveCfg = Debug|Any CPU
		{08c7e2ff-080b-9eec-4282-38521c8a2f5a}.Debug|Any CPU.Build.0 = Debug|Any CPU
		{08c7e2ff-080b-9eec-4282-38521c8a2f5a}.Release|Any CPU.ActiveCfg = Release|Any CPU
		{08c7e2ff-080b-9eec-4282-38521c8a2f5a}.Release|Any CPU.Build.0 = Release|Any CPU
		{ed9037b7-39bf-469b-1364-43db6fc03d1a}.Debug|Any CPU.ActiveCfg = Debug|Any CPU
		{ed9037b7-39bf-469b-1364-43db6fc03d1a}.Debug|Any CPU.Build.0 = Debug|Any CPU
		{ed9037b7-39bf-469b-1364-43db6fc03d1a}.Release|Any CPU.ActiveCfg = Release|Any CPU
		{ed9037b7-39bf-469b-1364-43db6fc03d1a}.Release|Any CPU.Build.0 = Release|Any CPU
		{4591ed61-9922-d6f6-778a-b12909199a04}.Debug|Any CPU.ActiveCfg = Debug|Any CPU
		{4591ed61-9922-d6f6-778a-b12909199a04}.Debug|Any CPU.Build.0 = Debug|Any CPU
		{4591ed61-9922-d6f6-778a-b12909199a04}.Release|Any CPU.ActiveCfg = Release|Any CPU
		{4591ed61-9922-d6f6-778a-b12909199a04}.Release|Any CPU.Build.0 = Release|Any CPU
		{d0ef71e3-af0a-e5f9-87f8-8a4512062f3c}.Debug|Any CPU.ActiveCfg = Debug|Any CPU
		{d0ef71e3-af0a-e5f9-87f8-8a4512062f3c}.Debug|Any CPU.Build.0 = Debug|Any CPU
		{d0ef71e3-af0a-e5f9-87f8-8a4512062f3c}.Release|Any CPU.ActiveCfg = Release|Any CPU
		{d0ef71e3-af0a-e5f9-87f8-8a4512062f3c}.Release|Any CPU.Build.0 = Release|Any CPU
		{b6c996b6-2854-297f-8dbb-b95702f8826a}.Debug|Any CPU.ActiveCfg = Debug|Any CPU
		{b6c996b6-2854-297f-8dbb-b95702f8826a}.Debug|Any CPU.Build.0 = Debug|Any CPU
		{b6c996b6-2854-297f-8dbb-b95702f8826a}.Release|Any CPU.ActiveCfg = Release|Any CPU
		{b6c996b6-2854-297f-8dbb-b95702f8826a}.Release|Any CPU.Build.0 = Release|Any CPU
	EndGlobalSection
	GlobalSection(SolutionProperties) = preSolution
		HideSolutionNode = FALSE
	EndGlobalSection
EndGlobal
